
Microsoft Visual Studio Solution File, Format Version 12.00
# Visual Studio Version 17
VisualStudioVersion = 17.7.34031.279
MinimumVisualStudioVersion = 10.0.40219.1
Project("{8BC9CEB8-8B4A-11D0-8D11-00A0C91BC942}") = "derste cıft yonlu dogrusal", "derste cıft yonlu dogrusal\derste cıft yonlu dogrusal.vcxproj", "{B6C72150-666A-4FF2-9DDB-DAAD1F67221D}"
EndProject
Global
	GlobalSection(SolutionConfigurationPlatforms) = preSolution
		Debug|x64 = Debug|x64
		Debug|x86 = Debug|x86
		Release|x64 = Release|x64
		Release|x86 = Release|x86
	EndGlobalSection
	GlobalSection(ProjectConfigurationPlatforms) = postSolution
		{B6C72150-666A-4FF2-9DDB-DAAD1F67221D}.Debug|x64.ActiveCfg = Debug|x64
		{B6C72150-666A-4FF2-9DDB-DAAD1F67221D}.Debug|x64.Build.0 = Debug|x64
		{B6C72150-666A-4FF2-9DDB-DAAD1F67221D}.Debug|x86.ActiveCfg = Debug|Win32
		{B6C72150-666A-4FF2-9DDB-DAAD1F67221D}.Debug|x86.Build.0 = Debug|Win32
		{B6C72150-666A-4FF2-9DDB-DAAD1F67221D}.Release|x64.ActiveCfg = Release|x64
		{B6C72150-666A-4FF2-9DDB-DAAD1F67221D}.Release|x64.Build.0 = Release|x64
		{B6C72150-666A-4FF2-9DDB-DAAD1F67221D}.Release|x86.ActiveCfg = Release|Win32
		{B6C72150-666A-4FF2-9DDB-DAAD1F67221D}.Release|x86.Build.0 = Release|Win32
	EndGlobalSection
	GlobalSection(SolutionProperties) = preSolution
		HideSolutionNode = FALSE
	EndGlobalSection
	GlobalSection(ExtensibilityGlobals) = postSolution
		SolutionGuid = {10E571F8-237C-4AF3-AC95-00DF4DC3BE98}
	EndGlobalSection
EndGlobal
