
Microsoft Visual Studio Solution File, Format Version 12.00
# Visual Studio Version 17
VisualStudioVersion = 17.7.34031.279
MinimumVisualStudioVersion = 10.0.40219.1
Project("{FAE04EC0-301F-11D3-BF4B-00C04F79EFBC}") = "metot ve classlar", "metot ve classlar\metot ve classlar.csproj", "{61DE8BBD-597C-4DD8-8DA0-B65BF7FFCEED}"
EndProject
Global
	GlobalSection(SolutionConfigurationPlatforms) = preSolution
		Debug|Any CPU = Debug|Any CPU
		Release|Any CPU = Release|Any CPU
	EndGlobalSection
	GlobalSection(ProjectConfigurationPlatforms) = postSolution
		{61DE8BBD-597C-4DD8-8DA0-B65BF7FFCEED}.Debug|Any CPU.ActiveCfg = Debug|Any CPU
		{61DE8BBD-597C-4DD8-8DA0-B65BF7FFCEED}.Debug|Any CPU.Build.0 = Debug|Any CPU
		{61DE8BBD-597C-4DD8-8DA0-B65BF7FFCEED}.Release|Any CPU.ActiveCfg = Release|Any CPU
		{61DE8BBD-597C-4DD8-8DA0-B65BF7FFCEED}.Release|Any CPU.Build.0 = Release|Any CPU
	EndGlobalSection
	GlobalSection(SolutionProperties) = preSolution
		HideSolutionNode = FALSE
	EndGlobalSection
	GlobalSection(ExtensibilityGlobals) = postSolution
		SolutionGuid = {1282E861-52A4-4842-86A0-29017ECE9937}
	EndGlobalSection
EndGlobal
