
Microsoft Visual Studio Solution File, Format Version 12.00
# Visual Studio Version 17
VisualStudioVersion = 17.7.34031.279
MinimumVisualStudioVersion = 10.0.40219.1
Project("{FAE04EC0-301F-11D3-BF4B-00C04F79EFBC}") = "TEK_YÖNLÜ_DOĞRUSAL_BAĞLI_LİSTE", "TEK_YÖNLÜ_DOĞRUSAL_BAĞLI_LİSTE\TEK_YÖNLÜ_DOĞRUSAL_BAĞLI_LİSTE.csproj", "{9347AD0A-F848-4AF3-826A-EEA2CDD4A8AB}"
EndProject
Global
	GlobalSection(SolutionConfigurationPlatforms) = preSolution
		Debug|Any CPU = Debug|Any CPU
		Release|Any CPU = Release|Any CPU
	EndGlobalSection
	GlobalSection(ProjectConfigurationPlatforms) = postSolution
		{9347AD0A-F848-4AF3-826A-EEA2CDD4A8AB}.Debug|Any CPU.ActiveCfg = Debug|Any CPU
		{9347AD0A-F848-4AF3-826A-EEA2CDD4A8AB}.Debug|Any CPU.Build.0 = Debug|Any CPU
		{9347AD0A-F848-4AF3-826A-EEA2CDD4A8AB}.Release|Any CPU.ActiveCfg = Release|Any CPU
		{9347AD0A-F848-4AF3-826A-EEA2CDD4A8AB}.Release|Any CPU.Build.0 = Release|Any CPU
	EndGlobalSection
	GlobalSection(SolutionProperties) = preSolution
		HideSolutionNode = FALSE
	EndGlobalSection
	GlobalSection(ExtensibilityGlobals) = postSolution
		SolutionGuid = {1CB0F960-37C7-4934-9288-D1AE0103CD0A}
	EndGlobalSection
EndGlobal
