
Microsoft Visual Studio Solution File, Format Version 12.00
# Visual Studio Version 17
VisualStudioVersion = 17.7.34031.279
MinimumVisualStudioVersion = 10.0.40219.1
Project("{8BC9CEB8-8B4A-11D0-8D11-00A0C91BC942}") = "C++ DENEMELERİ", "C++ DENEMELERİ\C++ DENEMELERİ.vcxproj", "{63C20F85-5096-4522-839F-51F0F77ABCEC}"
EndProject
Global
	GlobalSection(SolutionConfigurationPlatforms) = preSolution
		Debug|x64 = Debug|x64
		Debug|x86 = Debug|x86
		Release|x64 = Release|x64
		Release|x86 = Release|x86
	EndGlobalSection
	GlobalSection(ProjectConfigurationPlatforms) = postSolution
		{63C20F85-5096-4522-839F-51F0F77ABCEC}.Debug|x64.ActiveCfg = Debug|x64
		{63C20F85-5096-4522-839F-51F0F77ABCEC}.Debug|x64.Build.0 = Debug|x64
		{63C20F85-5096-4522-839F-51F0F77ABCEC}.Debug|x86.ActiveCfg = Debug|Win32
		{63C20F85-5096-4522-839F-51F0F77ABCEC}.Debug|x86.Build.0 = Debug|Win32
		{63C20F85-5096-4522-839F-51F0F77ABCEC}.Release|x64.ActiveCfg = Release|x64
		{63C20F85-5096-4522-839F-51F0F77ABCEC}.Release|x64.Build.0 = Release|x64
		{63C20F85-5096-4522-839F-51F0F77ABCEC}.Release|x86.ActiveCfg = Release|Win32
		{63C20F85-5096-4522-839F-51F0F77ABCEC}.Release|x86.Build.0 = Release|Win32
	EndGlobalSection
	GlobalSection(SolutionProperties) = preSolution
		HideSolutionNode = FALSE
	EndGlobalSection
	GlobalSection(ExtensibilityGlobals) = postSolution
		SolutionGuid = {7F065CC7-06D8-4EFF-8FD3-CD0FDA1CB17D}
	EndGlobalSection
EndGlobal
