
Microsoft Visual Studio Solution File, Format Version 12.00
# Visual Studio Version 17
VisualStudioVersion = 17.7.34031.279
MinimumVisualStudioVersion = 10.0.40219.1
Project("{FAE04EC0-301F-11D3-BF4B-00C04F79EFBC}") = "classlar deneme", "classlar deneme\classlar deneme.csproj", "{9352FC5F-9C8A-4898-B01F-F82A52786815}"
EndProject
Global
	GlobalSection(SolutionConfigurationPlatforms) = preSolution
		Debug|Any CPU = Debug|Any CPU
		Release|Any CPU = Release|Any CPU
	EndGlobalSection
	GlobalSection(ProjectConfigurationPlatforms) = postSolution
		{9352FC5F-9C8A-4898-B01F-F82A52786815}.Debug|Any CPU.ActiveCfg = Debug|Any CPU
		{9352FC5F-9C8A-4898-B01F-F82A52786815}.Debug|Any CPU.Build.0 = Debug|Any CPU
		{9352FC5F-9C8A-4898-B01F-F82A52786815}.Release|Any CPU.ActiveCfg = Release|Any CPU
		{9352FC5F-9C8A-4898-B01F-F82A52786815}.Release|Any CPU.Build.0 = Release|Any CPU
	EndGlobalSection
	GlobalSection(SolutionProperties) = preSolution
		HideSolutionNode = FALSE
	EndGlobalSection
	GlobalSection(ExtensibilityGlobals) = postSolution
		SolutionGuid = {E5428AD7-CE09-471D-A467-B8DE4300DDD6}
	EndGlobalSection
EndGlobal
